
Microsoft Visual Studio Solution File, Format Version 12.00
# Visual Studio Version 16
VisualStudioVersion = 16.0.31515.178
MinimumVisualStudioVersion = 10.0.40219.1
Project("{FAE04EC0-301F-11D3-BF4B-00C04F79EFBC}") = "ProgramChallenges", "ProgramChallenges.csproj", "{64E76734-6E8A-4285-B85C-C44DB697229B}"
EndProject
Global
	GlobalSection(SolutionConfigurationPlatforms) = preSolution
		Debug|Any CPU = Debug|Any CPU
		Release|Any CPU = Release|Any CPU
	EndGlobalSection
	GlobalSection(ProjectConfigurationPlatforms) = postSolution
		{64E76734-6E8A-4285-B85C-C44DB697229B}.Debug|Any CPU.ActiveCfg = Debug|Any CPU
		{64E76734-6E8A-4285-B85C-C44DB697229B}.Debug|Any CPU.Build.0 = Debug|Any CPU
		{64E76734-6E8A-4285-B85C-C44DB697229B}.Release|Any CPU.ActiveCfg = Release|Any CPU
		{64E76734-6E8A-4285-B85C-C44DB697229B}.Release|Any CPU.Build.0 = Release|Any CPU
	EndGlobalSection
	GlobalSection(SolutionProperties) = preSolution
		HideSolutionNode = FALSE
	EndGlobalSection
	GlobalSection(ExtensibilityGlobals) = postSolution
		SolutionGuid = {2522CEDF-8CAC-473C-BAF4-CF4F2D400AC6}
	EndGlobalSection
EndGlobal
